
Microsoft Visual Studio Solution File, Format Version 12.00
# Visual Studio Version 16
VisualStudioVersion = 16.0.30011.22
MinimumVisualStudioVersion = 10.0.40219.1
Project("{FAE04EC0-301F-11D3-BF4B-00C04F79EFBC}") = "SellTicket", "SellTicket\SellTicket.csproj", "{29C20CA2-F972-4201-81EA-C31EF3A57379}"
EndProject
Global
	GlobalSection(SolutionConfigurationPlatforms) = preSolution
		Debug|Any CPU = Debug|Any CPU
		Release|Any CPU = Release|Any CPU
	EndGlobalSection
	GlobalSection(ProjectConfigurationPlatforms) = postSolution
		{29C20CA2-F972-4201-81EA-C31EF3A57379}.Debug|Any CPU.ActiveCfg = Debug|Any CPU
		{29C20CA2-F972-4201-81EA-C31EF3A57379}.Debug|Any CPU.Build.0 = Debug|Any CPU
		{29C20CA2-F972-4201-81EA-C31EF3A57379}.Release|Any CPU.ActiveCfg = Release|Any CPU
		{29C20CA2-F972-4201-81EA-C31EF3A57379}.Release|Any CPU.Build.0 = Release|Any CPU
	EndGlobalSection
	GlobalSection(SolutionProperties) = preSolution
		HideSolutionNode = FALSE
	EndGlobalSection
	GlobalSection(ExtensibilityGlobals) = postSolution
		SolutionGuid = {43D3F8B7-EF9A-4BF2-A38F-11CCA781A0A1}
	EndGlobalSection
EndGlobal
